{
  "name": "goal_project",
  "version": "0.0.1",
  "lockfileVersion": 1,
  "requires": true,
  "dependencies": {
    "cache": {
      "version": "0.0.3",
      "resolved": "https://ewizard-storage-multitenant-eu-1.s3.eu-central-1.amazonaws.com/components/6e1fe960-36bf-11ea-9cb9-29a0e11f7617.tar.gz?X-Amz-Algorithm=AWS4-HMAC-SHA256&X-Amz-Credential=AKIAWPGVIVM476G4TOFH%2F20210819%2Feu-central-1%2Fs3%2Faws4_request&X-Amz-Date=20210819T100227Z&X-Amz-Expires=300&X-Amz-Signature=9754eec34fc7cce08b123a4f9a7c7fff2aa7bee9085beacc2dbbf5e23e691db8&X-Amz-SignedHeaders=host&response-content-disposition=attachment%3Bfilename%2A%3DUTF-8%27%27cache.tar.gz",
      "integrity": "sha1-k/SawN6DYNnfAv8mNCF1bTTam1s="
    },
    "chapter": {
      "version": "1.3.2",
      "resolved": "https://ewizard-storage-multitenant-eu-1.s3.eu-central-1.amazonaws.com/components/590c7fce6463ef002b792f69.tar.gz?X-Amz-Algorithm=AWS4-HMAC-SHA256&X-Amz-Credential=AKIAWPGVIVM476G4TOFH%2F20210819%2Feu-central-1%2Fs3%2Faws4_request&X-Amz-Date=20210819T100228Z&X-Amz-Expires=300&X-Amz-Signature=75ef0ad5c0d73a17f87584f0cd273c93e01aa615cf3991ad735c3f04950558b6&X-Amz-SignedHeaders=host&response-content-disposition=attachment%3Bfilename%2A%3DUTF-8%27%27chapter.tar.gz",
      "integrity": "sha1-uc3udcTKHKdWUAK7V6qPrsiVD9k="
    },
    "co-bar-graph": {
      "version": "2.8.3",
      "resolved": "https://ewizard-storage-multitenant-eu-1.s3.eu-central-1.amazonaws.com/components/4e89bff0-5969-11ea-a682-ed9e1f243250.tar.gz?X-Amz-Algorithm=AWS4-HMAC-SHA256&X-Amz-Credential=AKIAWPGVIVM476G4TOFH%2F20210819%2Feu-central-1%2Fs3%2Faws4_request&X-Amz-Date=20210819T100226Z&X-Amz-Expires=300&X-Amz-Signature=408f19f7a3f1320773b435123c4909e4ec98b0bedd69986a90e12c74cdd5c58b&X-Amz-SignedHeaders=host&response-content-disposition=attachment%3Bfilename%2A%3DUTF-8%27%27co-bar-graph.tar.gz",
      "integrity": "sha1-/xdVHGyVhiUsVwQjb1CEpYDFx3Q=",
      "requires": {
        "co-collection": "~4.3.6",
        "co-collection-item": "~2.3.5",
        "co-container": "~3.0.2",
        "co-text": "~2.4.8",
        "component": "~0.12.9"
      }
    },
    "co-collection": {
      "version": "4.3.6",
      "resolved": "https://ewizard-storage-multitenant-eu-1.s3.eu-central-1.amazonaws.com/components/9e3ad160-36a5-11ea-a7ab-fc8408927654.tar.gz?X-Amz-Algorithm=AWS4-HMAC-SHA256&X-Amz-Credential=AKIAWPGVIVM476G4TOFH%2F20210819%2Feu-central-1%2Fs3%2Faws4_request&X-Amz-Date=20210819T100226Z&X-Amz-Expires=300&X-Amz-Signature=94653564a534e9755877f1cca814796eae2ceb55fba61aad94fe4b0fb240d444&X-Amz-SignedHeaders=host&response-content-disposition=attachment%3Bfilename%2A%3DUTF-8%27%27co-collection.tar.gz",
      "integrity": "sha1-327ZjwmPPo9FPWD/0SeNJ9x4+9g=",
      "requires": {
        "co-collection-item": "^2.3.5",
        "component": "~0.12.9"
      }
    },
    "co-collection-item": {
      "version": "2.3.5",
      "resolved": "https://ewizard-storage-multitenant-eu-1.s3.eu-central-1.amazonaws.com/components/64ba82f0-36a5-11ea-9c77-052bbe173bc1.tar.gz?X-Amz-Algorithm=AWS4-HMAC-SHA256&X-Amz-Credential=AKIAWPGVIVM476G4TOFH%2F20210819%2Feu-central-1%2Fs3%2Faws4_request&X-Amz-Date=20210819T100226Z&X-Amz-Expires=300&X-Amz-Signature=08bc306d03873f52d63e6935edc8a8b296a6a22a3a1a906d218f0b5b31164636&X-Amz-SignedHeaders=host&response-content-disposition=attachment%3Bfilename%2A%3DUTF-8%27%27co-collection-item.tar.gz",
      "integrity": "sha1-gnRXAllM2NXzJxBDCb/FFZxWoBw=",
      "requires": {
        "component": "~0.12.9"
      }
    },
    "co-container": {
      "version": "3.0.2",
      "resolved": "https://ewizard-storage-multitenant-eu-1.s3.eu-central-1.amazonaws.com/components/a722a230-36a5-11ea-aed2-0017f70cd050.tar.gz?X-Amz-Algorithm=AWS4-HMAC-SHA256&X-Amz-Credential=AKIAWPGVIVM476G4TOFH%2F20210819%2Feu-central-1%2Fs3%2Faws4_request&X-Amz-Date=20210819T100226Z&X-Amz-Expires=300&X-Amz-Signature=ea77634b5088e06c395431c5a3811491e1ed56617a2141551dab2f59354deb55&X-Amz-SignedHeaders=host&response-content-disposition=attachment%3Bfilename%2A%3DUTF-8%27%27co-container.tar.gz",
      "integrity": "sha1-NbI6dl/A3eEPOnjuG+Yk+U6CaaA=",
      "requires": {
        "component": "~0.12.9"
      }
    },
    "co-draggable": {
      "version": "2.0.8",
      "resolved": "https://ewizard-storage-multitenant-eu-1.s3.eu-central-1.amazonaws.com/components/e212bc10-7d01-11eb-b978-6c6cd7193e19.tar.gz?X-Amz-Algorithm=AWS4-HMAC-SHA256&X-Amz-Credential=AKIAWPGVIVM476G4TOFH%2F20210819%2Feu-central-1%2Fs3%2Faws4_request&X-Amz-Date=20210819T100226Z&X-Amz-Expires=300&X-Amz-Signature=4c39e99f5906121ba425d94d9ff85bed098f0d100ca5f7ad51b2322746c3f615&X-Amz-SignedHeaders=host&response-content-disposition=attachment%3Bfilename%2A%3DUTF-8%27%27co-draggable.tar.gz",
      "integrity": "sha1-6NAIUSyRXJD4vHU75uJFCA8MaJc=",
      "requires": {
        "component": "~0.12.9"
      }
    },
    "co-image": {
      "version": "2.3.9",
      "resolved": "https://ewizard-storage-multitenant-eu-1.s3.eu-central-1.amazonaws.com/components/b0c892e0-36a5-11ea-a11d-21d51257ce2b.tar.gz?X-Amz-Algorithm=AWS4-HMAC-SHA256&X-Amz-Credential=AKIAWPGVIVM476G4TOFH%2F20210819%2Feu-central-1%2Fs3%2Faws4_request&X-Amz-Date=20210819T100226Z&X-Amz-Expires=300&X-Amz-Signature=77e0ad1595ed065a71def6c21964a5ffa1424a7eaa121b36379f827aedf93a29&X-Amz-SignedHeaders=host&response-content-disposition=attachment%3Bfilename%2A%3DUTF-8%27%27co-image.tar.gz",
      "integrity": "sha1-YE+1y9oMnu7BgvT8N3KABIXNa0w=",
      "requires": {
        "component": "~0.12.9"
      }
    },
    "co-iscroll": {
      "version": "2.6.2",
      "resolved": "https://ewizard-storage-multitenant-eu-1.s3.eu-central-1.amazonaws.com/components/59f730f8f68274002d99bfe4.tar.gz?X-Amz-Algorithm=AWS4-HMAC-SHA256&X-Amz-Credential=AKIAWPGVIVM476G4TOFH%2F20210819%2Feu-central-1%2Fs3%2Faws4_request&X-Amz-Date=20210819T100227Z&X-Amz-Expires=300&X-Amz-Signature=ba96d3f36acd9c06c91e5c3688ed86c60f1e89ba0ec2d91c29adaf5a802015ac&X-Amz-SignedHeaders=host&response-content-disposition=attachment%3Bfilename%2A%3DUTF-8%27%27co-iscroll.tar.gz",
      "integrity": "sha1-sBwDUTy8Y4B1ru2QgXLug/8ZacU=",
      "requires": {
        "component": "~0.12.0",
        "iscroll": "git+https://github.com/cubiq/iscroll.git#v5.2.0"
      }
    },
    "co-table": {
      "version": "7.4.11",
      "resolved": "https://ewizard-storage-multitenant-eu-1.s3.eu-central-1.amazonaws.com/components/b38a9910-36a5-11ea-9d47-7ee988596460.tar.gz?X-Amz-Algorithm=AWS4-HMAC-SHA256&X-Amz-Credential=AKIAWPGVIVM476G4TOFH%2F20210819%2Feu-central-1%2Fs3%2Faws4_request&X-Amz-Date=20210819T100226Z&X-Amz-Expires=300&X-Amz-Signature=674bd43287597c13440716ca62859c7b9bf6cd9c545e6233bbfa17811df7f02c&X-Amz-SignedHeaders=host&response-content-disposition=attachment%3Bfilename%2A%3DUTF-8%27%27co-table.tar.gz",
      "integrity": "sha1-H6CKYpqC4D4/QacUkkEw95KyJCE=",
      "requires": {
        "co-iscroll": "~2.6.0",
        "co-text": "~2.4.8",
        "component": "~0.12.9"
      }
    },
    "co-text": {
      "version": "2.4.8",
      "resolved": "https://ewizard-storage-multitenant-eu-1.s3.eu-central-1.amazonaws.com/components/9b9776c0-36a5-11ea-9d33-26e09b361e1f.tar.gz?X-Amz-Algorithm=AWS4-HMAC-SHA256&X-Amz-Credential=AKIAWPGVIVM476G4TOFH%2F20210819%2Feu-central-1%2Fs3%2Faws4_request&X-Amz-Date=20210819T100226Z&X-Amz-Expires=300&X-Amz-Signature=a5a7b43ec561f9c68326d0be9835980cee88f18ad44458fa00d87c4c18e1d5d4&X-Amz-SignedHeaders=host&response-content-disposition=attachment%3Bfilename%2A%3DUTF-8%27%27co-text.tar.gz",
      "integrity": "sha1-oEQ+8dUC8BnZLamFGc2k6d7Rvqs=",
      "requires": {
        "component": "~0.12.9",
        "textable-component": "~1.4.2"
      }
    },
    "component": {
      "version": "0.12.11",
      "resolved": "https://ewizard-storage-multitenant-eu-1.s3.eu-central-1.amazonaws.com/components/6e729d40-36bf-11ea-bdd8-ef25b57d5ccf.tar.gz?X-Amz-Algorithm=AWS4-HMAC-SHA256&X-Amz-Credential=AKIAWPGVIVM476G4TOFH%2F20210819%2Feu-central-1%2Fs3%2Faws4_request&X-Amz-Date=20210819T100227Z&X-Amz-Expires=300&X-Amz-Signature=49fd6e200aa30a542cb41fcd133a319586b4e4a04b143e8890b145b60b859387&X-Amz-SignedHeaders=host&response-content-disposition=attachment%3Bfilename%2A%3DUTF-8%27%27component.tar.gz",
      "integrity": "sha1-jqiNk7k5Ocxl01JFjAFhtbnTsZM=",
      "requires": {
        "cache": "~0.0.3",
        "loader": "~0.2.3",
        "utils": "~1.6.3"
      }
    },
    "core": {
      "version": "3.7.9",
      "resolved": "https://ewizard-storage-multitenant-eu-1.s3.eu-central-1.amazonaws.com/components/c5cac0c0-49cb-11eb-afd6-04e634a07ddf.tar.gz?X-Amz-Algorithm=AWS4-HMAC-SHA256&X-Amz-Credential=AKIAWPGVIVM476G4TOFH%2F20210819%2Feu-central-1%2Fs3%2Faws4_request&X-Amz-Date=20210819T100226Z&X-Amz-Expires=300&X-Amz-Signature=b331b9274b1b0937d19f1431d8de7c5ff82dc5779685c76dbb4047dd63b4a5f5&X-Amz-SignedHeaders=host&response-content-disposition=attachment%3Bfilename%2A%3DUTF-8%27%27core.tar.gz",
      "integrity": "sha1-7bwyQ7bDlrND/t1qX4VKYbnIS58="
    },
    "es6-promise": {
      "version": "4.2.8",
      "resolved": "https://registry.npmjs.org/es6-promise/-/es6-promise-4.2.8.tgz",
      "integrity": "sha512-HJDGx5daxeIvxdBxvG2cb9g4tEvwIk3i8+nhX0yGrYmZUzbkdg8QbDevheDB8gd0//uPj4c1EQua8Q+MViT0/w=="
    },
    "iscroll": {
      "version": "git+https://github.com/cubiq/iscroll.git#75c546d5cf53a3bc049429eac809a8764f717ea0",
      "from": "git+https://github.com/cubiq/iscroll.git#v5.2.0"
    },
    "loader": {
      "version": "0.2.3",
      "resolved": "https://ewizard-storage-multitenant-eu-1.s3.eu-central-1.amazonaws.com/components/5ad898499a7c14002d6865e2.tar.gz?X-Amz-Algorithm=AWS4-HMAC-SHA256&X-Amz-Credential=AKIAWPGVIVM476G4TOFH%2F20210819%2Feu-central-1%2Fs3%2Faws4_request&X-Amz-Date=20210819T100227Z&X-Amz-Expires=300&X-Amz-Signature=03e16eedca5a45338720ee9f3cafa089f005365509f3d9e9c7c1ce3273c3b42e&X-Amz-SignedHeaders=host&response-content-disposition=attachment%3Bfilename%2A%3DUTF-8%27%27loader.tar.gz",
      "integrity": "sha1-nVvSR87Ixd0APRzvKwlIVHEiHWA="
    },
    "lodash-template": {
      "version": "1.0.0",
      "resolved": "https://registry.npmjs.org/lodash-template/-/lodash-template-1.0.0.tgz",
      "integrity": "sha1-jQjZMBRzqqhh46JnN5Q4Pxg/ytk="
    },
    "nav": {
      "version": "1.7.6",
      "resolved": "https://ewizard-storage-multitenant-eu-1.s3.eu-central-1.amazonaws.com/components/590c80d06463ef002b793125.tar.gz?X-Amz-Algorithm=AWS4-HMAC-SHA256&X-Amz-Credential=AKIAWPGVIVM476G4TOFH%2F20210819%2Feu-central-1%2Fs3%2Faws4_request&X-Amz-Date=20210819T100228Z&X-Amz-Expires=300&X-Amz-Signature=622004c9eef4b501ae4684e7cb9aaa60e50715850264fed95c0db019e1e8cf65&X-Amz-SignedHeaders=host&response-content-disposition=attachment%3Bfilename%2A%3DUTF-8%27%27nav.tar.gz",
      "integrity": "sha1-Q2KT3/i1M+7BXFwBFDdqOfaPEmE="
    },
    "params": {
      "version": "1.1.1",
      "resolved": "https://ewizard-storage-multitenant-eu-1.s3.eu-central-1.amazonaws.com/components/5a6f0fbc6e090d002d31ca9c.tar.gz?X-Amz-Algorithm=AWS4-HMAC-SHA256&X-Amz-Credential=AKIAWPGVIVM476G4TOFH%2F20210819%2Feu-central-1%2Fs3%2Faws4_request&X-Amz-Date=20210819T100227Z&X-Amz-Expires=300&X-Amz-Signature=bb251b680f1ca72f8de3953e5613da2cc72e7cdcac41306b66d8e4919e199794&X-Amz-SignedHeaders=host&response-content-disposition=attachment%3Bfilename%2A%3DUTF-8%27%27params.tar.gz",
      "integrity": "sha1-nKtDvvl6rWQ1muOmXGGv4Ix2k9c="
    },
    "polyfill": {
      "version": "2.0.2",
      "resolved": "https://ewizard-storage-multitenant-eu-1.s3.eu-central-1.amazonaws.com/components/5a6f14a56e090d002d31cbb0.tar.gz?X-Amz-Algorithm=AWS4-HMAC-SHA256&X-Amz-Credential=AKIAWPGVIVM476G4TOFH%2F20210819%2Feu-central-1%2Fs3%2Faws4_request&X-Amz-Date=20210819T100227Z&X-Amz-Expires=300&X-Amz-Signature=2817e2872902f79c67125ba487ddf7f1f108cbbf91349cd0c3dcd852fc6cc7cd&X-Amz-SignedHeaders=host&response-content-disposition=attachment%3Bfilename%2A%3DUTF-8%27%27polyfill.tar.gz",
      "integrity": "sha1-gWhGFjPX3UKj2kUFrMMGy6inXzA=",
      "requires": {
        "es6-promise": "^4.0.4"
      }
    },
    "prefixer": {
      "version": "1.2.0",
      "resolved": "https://ewizard-storage-multitenant-eu-1.s3.eu-central-1.amazonaws.com/components/5a6f0b6e6e090d002d31c928.tar.gz?X-Amz-Algorithm=AWS4-HMAC-SHA256&X-Amz-Credential=AKIAWPGVIVM476G4TOFH%2F20210819%2Feu-central-1%2Fs3%2Faws4_request&X-Amz-Date=20210819T100227Z&X-Amz-Expires=300&X-Amz-Signature=2c90d0c8e4e48c348a677261e57712b577265d6a547935bc7afe19d12ca250a8&X-Amz-SignedHeaders=host&response-content-disposition=attachment%3Bfilename%2A%3DUTF-8%27%27prefixer.tar.gz",
      "integrity": "sha1-NdRkyqJjU6T8X4upaKLYcdm5sFc="
    },
    "presentation-identifier": {
      "version": "0.0.1",
      "resolved": "https://ewizard-storage-multitenant-eu-1.s3.eu-central-1.amazonaws.com/components/590c7f7c6463ef002b792f13.tar.gz?X-Amz-Algorithm=AWS4-HMAC-SHA256&X-Amz-Credential=AKIAWPGVIVM476G4TOFH%2F20210819%2Feu-central-1%2Fs3%2Faws4_request&X-Amz-Date=20210819T100227Z&X-Amz-Expires=300&X-Amz-Signature=d46d5352c08c6836b78f0994249246fb3a11b67608ee28b304851c7a8e22aefd&X-Amz-SignedHeaders=host&response-content-disposition=attachment%3Bfilename%2A%3DUTF-8%27%27presentation-identifier.tar.gz",
      "integrity": "sha1-gnLujpaS6UrZk8dYneducogALCQ="
    },
    "routie": {
      "version": "git+https://github.com/QAPInt/routie.git#42ac653a46241768f2ba4a9605e080ed49926918",
      "from": "git+https://github.com/QAPInt/routie.git#master"
    },
    "settings": {
      "version": "0.10.2",
      "resolved": "https://ewizard-storage-multitenant-eu-1.s3.eu-central-1.amazonaws.com/components/2bf3f9d0-37b1-11ea-8a6f-cf3eaae8f78c.tar.gz?X-Amz-Algorithm=AWS4-HMAC-SHA256&X-Amz-Credential=AKIAWPGVIVM476G4TOFH%2F20210819%2Feu-central-1%2Fs3%2Faws4_request&X-Amz-Date=20210819T100227Z&X-Amz-Expires=300&X-Amz-Signature=42cb3ab4e87b6c32cd4d397f778d7a7009d62ef26cb820af097bf8bfc6025599&X-Amz-SignedHeaders=host&response-content-disposition=attachment%3Bfilename%2A%3DUTF-8%27%27settings.tar.gz",
      "integrity": "sha1-VdR/B+Mys2eNKkDA3mnUdDOmutM=",
      "requires": {
        "loader": "^0.2.0",
        "lodash-template": "1.0.0",
        "utils": "~1.6.5"
      }
    },
    "slide": {
      "version": "1.1.2",
      "resolved": "https://ewizard-storage-multitenant-eu-1.s3.eu-central-1.amazonaws.com/components/590c7fc76463ef002b792f5f.tar.gz?X-Amz-Algorithm=AWS4-HMAC-SHA256&X-Amz-Credential=AKIAWPGVIVM476G4TOFH%2F20210819%2Feu-central-1%2Fs3%2Faws4_request&X-Amz-Date=20210819T100228Z&X-Amz-Expires=300&X-Amz-Signature=d8e3b4aa5ee0c5303deaef709c1a52c65bb21f23ab13435b9ad1b7b8084ce60a&X-Amz-SignedHeaders=host&response-content-disposition=attachment%3Bfilename%2A%3DUTF-8%27%27slide.tar.gz",
      "integrity": "sha1-+/luNnIR8RQYxnEG4X6EfrR0pfM="
    },
    "slideshow-popup": {
      "version": "0.0.11",
      "resolved": "https://ewizard-storage-multitenant-eu-1.s3.eu-central-1.amazonaws.com/components/5a0056a8f68274002d99c06c.tar.gz?X-Amz-Algorithm=AWS4-HMAC-SHA256&X-Amz-Credential=AKIAWPGVIVM476G4TOFH%2F20210819%2Feu-central-1%2Fs3%2Faws4_request&X-Amz-Date=20210819T100227Z&X-Amz-Expires=300&X-Amz-Signature=15ee5d3430735966619104cb1caeab0ffc70c19bb2dbcd74a2b71c6004c3b1c5&X-Amz-SignedHeaders=host&response-content-disposition=attachment%3Bfilename%2A%3DUTF-8%27%27slideshow-popup.tar.gz",
      "integrity": "sha1-c7Dp1WMAvQMbBZpgzoxYuz7eKIc=",
      "requires": {
        "chapter": "~1.3.2",
        "nav": "~1.7.6",
        "presentation-identifier": "~0.0.1",
        "slide": "~1.1.2"
      }
    },
    "spa": {
      "version": "3.6.5",
      "resolved": "https://ewizard-storage-multitenant-eu-1.s3.eu-central-1.amazonaws.com/components/e1d17360-e49d-11ea-91c6-b8f2b4966d56.tar.gz?X-Amz-Algorithm=AWS4-HMAC-SHA256&X-Amz-Credential=AKIAWPGVIVM476G4TOFH%2F20210819%2Feu-central-1%2Fs3%2Faws4_request&X-Amz-Date=20210819T100226Z&X-Amz-Expires=300&X-Amz-Signature=5477b83e9aaa39282d9418540a7abcf6a6668db311d80333b370f4113606bc5f&X-Amz-SignedHeaders=host&response-content-disposition=attachment%3Bfilename%2A%3DUTF-8%27%27spa.tar.gz",
      "integrity": "sha1-PxbZnQz+k1fKsTCyGSC99Xj6pE4=",
      "requires": {
        "params": "~1.1.1",
        "polyfill": "~2.0.0",
        "prefixer": "~1.2.0",
        "presentation-identifier": "~0.0.1",
        "routie": "git+https://github.com/QAPInt/routie.git#master",
        "settings": "~0.10.0",
        "structure": "~1.5.0",
        "touch": "~1.5.0",
        "utils": "^1.5.0",
        "validate-nav": "~1.4.0"
      }
    },
    "structure": {
      "version": "1.5.3",
      "resolved": "https://ewizard-storage-multitenant-eu-1.s3.eu-central-1.amazonaws.com/components/5a958d8a3adcd6002d4951e3.tar.gz?X-Amz-Algorithm=AWS4-HMAC-SHA256&X-Amz-Credential=AKIAWPGVIVM476G4TOFH%2F20210819%2Feu-central-1%2Fs3%2Faws4_request&X-Amz-Date=20210819T100227Z&X-Amz-Expires=300&X-Amz-Signature=bac367880fce64c14664bd262f9fbade3e9e90c39fea2ff76dba4a0d7c9f62ec&X-Amz-SignedHeaders=host&response-content-disposition=attachment%3Bfilename%2A%3DUTF-8%27%27structure.tar.gz",
      "integrity": "sha1-LucU4RfmLGIzYRj38w4mIN56M3A=",
      "requires": {
        "utils": ">=0.0.11"
      }
    },
    "textable-component": {
      "version": "1.4.3",
      "resolved": "https://ewizard-storage-multitenant-eu-1.s3.eu-central-1.amazonaws.com/components/6e1784f0-36bf-11ea-9318-1089695a0931.tar.gz?X-Amz-Algorithm=AWS4-HMAC-SHA256&X-Amz-Credential=AKIAWPGVIVM476G4TOFH%2F20210819%2Feu-central-1%2Fs3%2Faws4_request&X-Amz-Date=20210819T100227Z&X-Amz-Expires=300&X-Amz-Signature=fb3ea7f5e8cd4dd7378ae3c65cccf6e765cedf3b44915699ea9538ce1cc06e49&X-Amz-SignedHeaders=host&response-content-disposition=attachment%3Bfilename%2A%3DUTF-8%27%27textable-component.tar.gz",
      "integrity": "sha1-+iPOtHT4rGWYSj3iIzP8mz5lUgY=",
      "requires": {
        "component": "~0.12.9"
      }
    },
    "touch": {
      "version": "1.5.7",
      "resolved": "https://ewizard-storage-multitenant-eu-1.s3.eu-central-1.amazonaws.com/components/21580490-49ca-11eb-827c-0085cc50a360.tar.gz?X-Amz-Algorithm=AWS4-HMAC-SHA256&X-Amz-Credential=AKIAWPGVIVM476G4TOFH%2F20210819%2Feu-central-1%2Fs3%2Faws4_request&X-Amz-Date=20210819T100227Z&X-Amz-Expires=300&X-Amz-Signature=436d7d6d3d669da2e3840c85e03b16cafc4101c1fa48b3a6d4af100e789f8f79&X-Amz-SignedHeaders=host&response-content-disposition=attachment%3Bfilename%2A%3DUTF-8%27%27touch.tar.gz",
      "integrity": "sha1-Eldm5ZL+rnKuOZXqgKUpBRM1IWE="
    },
    "utils": {
      "version": "1.6.5",
      "resolved": "https://ewizard-storage-multitenant-eu-1.s3.eu-central-1.amazonaws.com/components/5b040e38b4a3ab003778f15a.tar.gz?X-Amz-Algorithm=AWS4-HMAC-SHA256&X-Amz-Credential=AKIAWPGVIVM476G4TOFH%2F20210819%2Feu-central-1%2Fs3%2Faws4_request&X-Amz-Date=20210819T100227Z&X-Amz-Expires=300&X-Amz-Signature=9f203e2d09a5ff45908ca4b5833ca865d3d4a8b6621bbfb6acca32679b69be4e&X-Amz-SignedHeaders=host&response-content-disposition=attachment%3Bfilename%2A%3DUTF-8%27%27utils.tar.gz",
      "integrity": "sha1-AJQhr0NQNIkDTxZoQLcuprxf+bA="
    },
    "validate-nav": {
      "version": "1.4.0",
      "resolved": "https://ewizard-storage-multitenant-eu-1.s3.eu-central-1.amazonaws.com/components/5a00592af68274002d99c0ad.tar.gz?X-Amz-Algorithm=AWS4-HMAC-SHA256&X-Amz-Credential=AKIAWPGVIVM476G4TOFH%2F20210819%2Feu-central-1%2Fs3%2Faws4_request&X-Amz-Date=20210819T100227Z&X-Amz-Expires=300&X-Amz-Signature=d084d8ee8020758b863f553b1ee8dc335d2d49947fc3f67103b84a5ed6fe58af&X-Amz-SignedHeaders=host&response-content-disposition=attachment%3Bfilename%2A%3DUTF-8%27%27validate-nav.tar.gz",
      "integrity": "sha1-kSAfoJ45/0//M9979jImXZmXnfk=",
      "requires": {
        "slideshow-popup": "~0.0.10"
      }
    }
  }
}
