{
  "name": "goal_project",
  "version": "0.0.1",
  "lockfileVersion": 1,
  "requires": true,
  "dependencies": {
    "cache": {
      "version": "0.0.3",
      "resolved": "https://ewizard-storage-multitenant-eu-1.s3.eu-central-1.amazonaws.com/components/6e1fe960-36bf-11ea-9cb9-29a0e11f7617.tar.gz?X-Amz-Algorithm=AWS4-HMAC-SHA256&X-Amz-Credential=AKIAWPGVIVM476G4TOFH%2F20210819%2Feu-central-1%2Fs3%2Faws4_request&X-Amz-Date=20210819T092525Z&X-Amz-Expires=300&X-Amz-Signature=6b76f8f4b854ccbd38cfb22fe38a3d8b3e81d92fea3734fb0e64c06fee9f6214&X-Amz-SignedHeaders=host&response-content-disposition=attachment%3Bfilename%2A%3DUTF-8%27%27cache.tar.gz",
      "integrity": "sha1-k/SawN6DYNnfAv8mNCF1bTTam1s="
    },
    "chapter": {
      "version": "1.3.2",
      "resolved": "https://ewizard-storage-multitenant-eu-1.s3.eu-central-1.amazonaws.com/components/590c7fce6463ef002b792f69.tar.gz?X-Amz-Algorithm=AWS4-HMAC-SHA256&X-Amz-Credential=AKIAWPGVIVM476G4TOFH%2F20210819%2Feu-central-1%2Fs3%2Faws4_request&X-Amz-Date=20210819T092526Z&X-Amz-Expires=300&X-Amz-Signature=255420a75374a3efeddb6b753c5ff1f1545a858309a3f47228fe05d649425db7&X-Amz-SignedHeaders=host&response-content-disposition=attachment%3Bfilename%2A%3DUTF-8%27%27chapter.tar.gz",
      "integrity": "sha1-uc3udcTKHKdWUAK7V6qPrsiVD9k="
    },
    "co-collection": {
      "version": "4.3.6",
      "resolved": "https://ewizard-storage-multitenant-eu-1.s3.eu-central-1.amazonaws.com/components/9e3ad160-36a5-11ea-a7ab-fc8408927654.tar.gz?X-Amz-Algorithm=AWS4-HMAC-SHA256&X-Amz-Credential=AKIAWPGVIVM476G4TOFH%2F20210819%2Feu-central-1%2Fs3%2Faws4_request&X-Amz-Date=20210819T092452Z&X-Amz-Expires=300&X-Amz-Signature=4b482840557d037f0b7331bed86c2f84b4c73753a301b189b11f2642c256e9e8&X-Amz-SignedHeaders=host&response-content-disposition=attachment%3Bfilename%2A%3DUTF-8%27%27co-collection.tar.gz",
      "integrity": "sha1-327ZjwmPPo9FPWD/0SeNJ9x4+9g=",
      "requires": {
        "co-collection-item": "^2.3.5",
        "component": "~0.12.9"
      }
    },
    "co-collection-item": {
      "version": "2.3.5",
      "resolved": "https://ewizard-storage-multitenant-eu-1.s3.eu-central-1.amazonaws.com/components/64ba82f0-36a5-11ea-9c77-052bbe173bc1.tar.gz?X-Amz-Algorithm=AWS4-HMAC-SHA256&X-Amz-Credential=AKIAWPGVIVM476G4TOFH%2F20210819%2Feu-central-1%2Fs3%2Faws4_request&X-Amz-Date=20210819T092524Z&X-Amz-Expires=300&X-Amz-Signature=9f43a8c338205c96b4fac82b74d607d0698a19273eb524ea811f7d460442e363&X-Amz-SignedHeaders=host&response-content-disposition=attachment%3Bfilename%2A%3DUTF-8%27%27co-collection-item.tar.gz",
      "integrity": "sha1-gnRXAllM2NXzJxBDCb/FFZxWoBw=",
      "requires": {
        "component": "~0.12.9"
      }
    },
    "co-container": {
      "version": "3.0.2",
      "resolved": "https://ewizard-storage-multitenant-eu-1.s3.eu-central-1.amazonaws.com/components/a722a230-36a5-11ea-aed2-0017f70cd050.tar.gz?X-Amz-Algorithm=AWS4-HMAC-SHA256&X-Amz-Credential=AKIAWPGVIVM476G4TOFH%2F20210819%2Feu-central-1%2Fs3%2Faws4_request&X-Amz-Date=20210819T092452Z&X-Amz-Expires=300&X-Amz-Signature=9ab17aa9a58ab9a1a63583fcd830aca158f5ea46be6a92b1bf6aa534e2f9a19c&X-Amz-SignedHeaders=host&response-content-disposition=attachment%3Bfilename%2A%3DUTF-8%27%27co-container.tar.gz",
      "integrity": "sha1-NbI6dl/A3eEPOnjuG+Yk+U6CaaA=",
      "requires": {
        "component": "~0.12.9"
      }
    },
    "co-image": {
      "version": "2.3.9",
      "resolved": "https://ewizard-storage-multitenant-eu-1.s3.eu-central-1.amazonaws.com/components/b0c892e0-36a5-11ea-a11d-21d51257ce2b.tar.gz?X-Amz-Algorithm=AWS4-HMAC-SHA256&X-Amz-Credential=AKIAWPGVIVM476G4TOFH%2F20210819%2Feu-central-1%2Fs3%2Faws4_request&X-Amz-Date=20210819T092452Z&X-Amz-Expires=300&X-Amz-Signature=52969e59f2f8bfc9a7a3d9505dccf4ddce9027e186de3ef127d3e0f3b0e15f93&X-Amz-SignedHeaders=host&response-content-disposition=attachment%3Bfilename%2A%3DUTF-8%27%27co-image.tar.gz",
      "integrity": "sha1-YE+1y9oMnu7BgvT8N3KABIXNa0w=",
      "requires": {
        "component": "~0.12.9"
      }
    },
    "co-text": {
      "version": "2.4.8",
      "resolved": "https://ewizard-storage-multitenant-eu-1.s3.eu-central-1.amazonaws.com/components/9b9776c0-36a5-11ea-9d33-26e09b361e1f.tar.gz?X-Amz-Algorithm=AWS4-HMAC-SHA256&X-Amz-Credential=AKIAWPGVIVM476G4TOFH%2F20210819%2Feu-central-1%2Fs3%2Faws4_request&X-Amz-Date=20210819T092452Z&X-Amz-Expires=300&X-Amz-Signature=9c50fd7aca7e22481cd9f8397cdc2fb0f8a6644436f0bf5f135a1c37b26aa424&X-Amz-SignedHeaders=host&response-content-disposition=attachment%3Bfilename%2A%3DUTF-8%27%27co-text.tar.gz",
      "integrity": "sha1-oEQ+8dUC8BnZLamFGc2k6d7Rvqs=",
      "requires": {
        "component": "~0.12.9",
        "textable-component": "~1.4.2"
      }
    },
    "component": {
      "version": "0.12.11",
      "resolved": "https://ewizard-storage-multitenant-eu-1.s3.eu-central-1.amazonaws.com/components/6e729d40-36bf-11ea-bdd8-ef25b57d5ccf.tar.gz?X-Amz-Algorithm=AWS4-HMAC-SHA256&X-Amz-Credential=AKIAWPGVIVM476G4TOFH%2F20210819%2Feu-central-1%2Fs3%2Faws4_request&X-Amz-Date=20210819T092524Z&X-Amz-Expires=300&X-Amz-Signature=2784531676cb66e4ecb553fd9dd7ba1746bf741157b3ca8b31f4cc02fa7bd396&X-Amz-SignedHeaders=host&response-content-disposition=attachment%3Bfilename%2A%3DUTF-8%27%27component.tar.gz",
      "integrity": "sha1-jqiNk7k5Ocxl01JFjAFhtbnTsZM=",
      "requires": {
        "cache": "~0.0.3",
        "loader": "~0.2.3",
        "utils": "~1.6.3"
      }
    },
    "core": {
      "version": "3.7.9",
      "resolved": "https://ewizard-storage-multitenant-eu-1.s3.eu-central-1.amazonaws.com/components/c5cac0c0-49cb-11eb-afd6-04e634a07ddf.tar.gz?X-Amz-Algorithm=AWS4-HMAC-SHA256&X-Amz-Credential=AKIAWPGVIVM476G4TOFH%2F20210819%2Feu-central-1%2Fs3%2Faws4_request&X-Amz-Date=20210819T092524Z&X-Amz-Expires=300&X-Amz-Signature=c329037827ac4e0598f3978036c1379cb6b2bdb4812009b12bda14e3a08963b0&X-Amz-SignedHeaders=host&response-content-disposition=attachment%3Bfilename%2A%3DUTF-8%27%27core.tar.gz",
      "integrity": "sha1-7bwyQ7bDlrND/t1qX4VKYbnIS58="
    },
    "es6-promise": {
      "version": "4.2.8",
      "resolved": "https://registry.npmjs.org/es6-promise/-/es6-promise-4.2.8.tgz",
      "integrity": "sha512-HJDGx5daxeIvxdBxvG2cb9g4tEvwIk3i8+nhX0yGrYmZUzbkdg8QbDevheDB8gd0//uPj4c1EQua8Q+MViT0/w=="
    },
    "loader": {
      "version": "0.2.3",
      "resolved": "https://ewizard-storage-multitenant-eu-1.s3.eu-central-1.amazonaws.com/components/5ad898499a7c14002d6865e2.tar.gz?X-Amz-Algorithm=AWS4-HMAC-SHA256&X-Amz-Credential=AKIAWPGVIVM476G4TOFH%2F20210819%2Feu-central-1%2Fs3%2Faws4_request&X-Amz-Date=20210819T092525Z&X-Amz-Expires=300&X-Amz-Signature=deb0544889ad559b27f0c79539916bc8798c883cf5e5d9a11a5499c5d47bf54b&X-Amz-SignedHeaders=host&response-content-disposition=attachment%3Bfilename%2A%3DUTF-8%27%27loader.tar.gz",
      "integrity": "sha1-nVvSR87Ixd0APRzvKwlIVHEiHWA="
    },
    "lodash-template": {
      "version": "1.0.0",
      "resolved": "https://registry.npmjs.org/lodash-template/-/lodash-template-1.0.0.tgz",
      "integrity": "sha1-jQjZMBRzqqhh46JnN5Q4Pxg/ytk="
    },
    "nav": {
      "version": "1.7.6",
      "resolved": "https://ewizard-storage-multitenant-eu-1.s3.eu-central-1.amazonaws.com/components/590c80d06463ef002b793125.tar.gz?X-Amz-Algorithm=AWS4-HMAC-SHA256&X-Amz-Credential=AKIAWPGVIVM476G4TOFH%2F20210819%2Feu-central-1%2Fs3%2Faws4_request&X-Amz-Date=20210819T092526Z&X-Amz-Expires=300&X-Amz-Signature=c6e7485d4b29cf4820779a029af2f220a73d2b8d2921560c2a29e71674b53ca9&X-Amz-SignedHeaders=host&response-content-disposition=attachment%3Bfilename%2A%3DUTF-8%27%27nav.tar.gz",
      "integrity": "sha1-Q2KT3/i1M+7BXFwBFDdqOfaPEmE="
    },
    "params": {
      "version": "1.1.1",
      "resolved": "https://ewizard-storage-multitenant-eu-1.s3.eu-central-1.amazonaws.com/components/5a6f0fbc6e090d002d31ca9c.tar.gz?X-Amz-Algorithm=AWS4-HMAC-SHA256&X-Amz-Credential=AKIAWPGVIVM476G4TOFH%2F20210819%2Feu-central-1%2Fs3%2Faws4_request&X-Amz-Date=20210819T092524Z&X-Amz-Expires=300&X-Amz-Signature=eb464f3ff5eca1a6f937346ad39bb206a505f2907c958f1c5c0ecca1a3904641&X-Amz-SignedHeaders=host&response-content-disposition=attachment%3Bfilename%2A%3DUTF-8%27%27params.tar.gz",
      "integrity": "sha1-nKtDvvl6rWQ1muOmXGGv4Ix2k9c="
    },
    "polyfill": {
      "version": "2.0.2",
      "resolved": "https://ewizard-storage-multitenant-eu-1.s3.eu-central-1.amazonaws.com/components/5a6f14a56e090d002d31cbb0.tar.gz?X-Amz-Algorithm=AWS4-HMAC-SHA256&X-Amz-Credential=AKIAWPGVIVM476G4TOFH%2F20210819%2Feu-central-1%2Fs3%2Faws4_request&X-Amz-Date=20210819T092524Z&X-Amz-Expires=300&X-Amz-Signature=18ce495d33de4a39919791b4f2e412073cd21a5435c131eb752795aeeb42f8f2&X-Amz-SignedHeaders=host&response-content-disposition=attachment%3Bfilename%2A%3DUTF-8%27%27polyfill.tar.gz",
      "integrity": "sha1-gWhGFjPX3UKj2kUFrMMGy6inXzA=",
      "requires": {
        "es6-promise": "^4.0.4"
      }
    },
    "prefixer": {
      "version": "1.2.0",
      "resolved": "https://ewizard-storage-multitenant-eu-1.s3.eu-central-1.amazonaws.com/components/5a6f0b6e6e090d002d31c928.tar.gz?X-Amz-Algorithm=AWS4-HMAC-SHA256&X-Amz-Credential=AKIAWPGVIVM476G4TOFH%2F20210819%2Feu-central-1%2Fs3%2Faws4_request&X-Amz-Date=20210819T092524Z&X-Amz-Expires=300&X-Amz-Signature=1322294297c8816c163dabeede5a9b357ffd031a1108edf0d717b79a2fcffa95&X-Amz-SignedHeaders=host&response-content-disposition=attachment%3Bfilename%2A%3DUTF-8%27%27prefixer.tar.gz",
      "integrity": "sha1-NdRkyqJjU6T8X4upaKLYcdm5sFc="
    },
    "presentation-identifier": {
      "version": "0.0.1",
      "resolved": "https://ewizard-storage-multitenant-eu-1.s3.eu-central-1.amazonaws.com/components/590c7f7c6463ef002b792f13.tar.gz?X-Amz-Algorithm=AWS4-HMAC-SHA256&X-Amz-Credential=AKIAWPGVIVM476G4TOFH%2F20210819%2Feu-central-1%2Fs3%2Faws4_request&X-Amz-Date=20210819T092524Z&X-Amz-Expires=300&X-Amz-Signature=8fe5df13589c81620555e4e3fc238085ef43dd8eaa6a0fc005dca6c4cc470b4c&X-Amz-SignedHeaders=host&response-content-disposition=attachment%3Bfilename%2A%3DUTF-8%27%27presentation-identifier.tar.gz",
      "integrity": "sha1-gnLujpaS6UrZk8dYneducogALCQ="
    },
    "routie": {
      "version": "git+https://github.com/QAPInt/routie.git#42ac653a46241768f2ba4a9605e080ed49926918",
      "from": "git+https://github.com/QAPInt/routie.git#master"
    },
    "settings": {
      "version": "0.10.2",
      "resolved": "https://ewizard-storage-multitenant-eu-1.s3.eu-central-1.amazonaws.com/components/2bf3f9d0-37b1-11ea-8a6f-cf3eaae8f78c.tar.gz?X-Amz-Algorithm=AWS4-HMAC-SHA256&X-Amz-Credential=AKIAWPGVIVM476G4TOFH%2F20210819%2Feu-central-1%2Fs3%2Faws4_request&X-Amz-Date=20210819T092524Z&X-Amz-Expires=300&X-Amz-Signature=12d552d62c9ed614cf381fa7930c0cb545d279861b7a5187c65f0eee86964e0a&X-Amz-SignedHeaders=host&response-content-disposition=attachment%3Bfilename%2A%3DUTF-8%27%27settings.tar.gz",
      "integrity": "sha1-VdR/B+Mys2eNKkDA3mnUdDOmutM=",
      "requires": {
        "loader": "^0.2.0",
        "lodash-template": "1.0.0",
        "utils": "~1.6.5"
      }
    },
    "slide": {
      "version": "1.1.2",
      "resolved": "https://ewizard-storage-multitenant-eu-1.s3.eu-central-1.amazonaws.com/components/590c7fc76463ef002b792f5f.tar.gz?X-Amz-Algorithm=AWS4-HMAC-SHA256&X-Amz-Credential=AKIAWPGVIVM476G4TOFH%2F20210819%2Feu-central-1%2Fs3%2Faws4_request&X-Amz-Date=20210819T092526Z&X-Amz-Expires=300&X-Amz-Signature=d90ea5a233d4eadb686376a7b47cfb7ba189eb28461cabb02c93681899b6029e&X-Amz-SignedHeaders=host&response-content-disposition=attachment%3Bfilename%2A%3DUTF-8%27%27slide.tar.gz",
      "integrity": "sha1-+/luNnIR8RQYxnEG4X6EfrR0pfM="
    },
    "slideshow-popup": {
      "version": "0.0.11",
      "resolved": "https://ewizard-storage-multitenant-eu-1.s3.eu-central-1.amazonaws.com/components/5a0056a8f68274002d99c06c.tar.gz?X-Amz-Algorithm=AWS4-HMAC-SHA256&X-Amz-Credential=AKIAWPGVIVM476G4TOFH%2F20210819%2Feu-central-1%2Fs3%2Faws4_request&X-Amz-Date=20210819T092525Z&X-Amz-Expires=300&X-Amz-Signature=ac93a687cc71ff80629e4f24ed51ec7c5c873db440c3ad1e2b67d02f331e235c&X-Amz-SignedHeaders=host&response-content-disposition=attachment%3Bfilename%2A%3DUTF-8%27%27slideshow-popup.tar.gz",
      "integrity": "sha1-c7Dp1WMAvQMbBZpgzoxYuz7eKIc=",
      "requires": {
        "chapter": "~1.3.2",
        "nav": "~1.7.6",
        "presentation-identifier": "~0.0.1",
        "slide": "~1.1.2"
      }
    },
    "spa": {
      "version": "3.6.5",
      "resolved": "https://ewizard-storage-multitenant-eu-1.s3.eu-central-1.amazonaws.com/components/e1d17360-e49d-11ea-91c6-b8f2b4966d56.tar.gz?X-Amz-Algorithm=AWS4-HMAC-SHA256&X-Amz-Credential=AKIAWPGVIVM476G4TOFH%2F20210819%2Feu-central-1%2Fs3%2Faws4_request&X-Amz-Date=20210819T092453Z&X-Amz-Expires=300&X-Amz-Signature=dc46004cf606db4856e3fc60c4aa33a08e1c1c56cd8c2457c59824924135ba8e&X-Amz-SignedHeaders=host&response-content-disposition=attachment%3Bfilename%2A%3DUTF-8%27%27spa.tar.gz",
      "integrity": "sha1-PxbZnQz+k1fKsTCyGSC99Xj6pE4=",
      "requires": {
        "params": "~1.1.1",
        "polyfill": "~2.0.0",
        "prefixer": "~1.2.0",
        "presentation-identifier": "~0.0.1",
        "routie": "git+https://github.com/QAPInt/routie.git#master",
        "settings": "~0.10.0",
        "structure": "~1.5.0",
        "touch": "~1.5.0",
        "utils": "^1.5.0",
        "validate-nav": "~1.4.0"
      }
    },
    "structure": {
      "version": "1.5.3",
      "resolved": "https://ewizard-storage-multitenant-eu-1.s3.eu-central-1.amazonaws.com/components/5a958d8a3adcd6002d4951e3.tar.gz?X-Amz-Algorithm=AWS4-HMAC-SHA256&X-Amz-Credential=AKIAWPGVIVM476G4TOFH%2F20210819%2Feu-central-1%2Fs3%2Faws4_request&X-Amz-Date=20210819T092524Z&X-Amz-Expires=300&X-Amz-Signature=9fcacae645594e6d05c72e8de1c0e8816f4c970852db56276b0af28e09fe2b8f&X-Amz-SignedHeaders=host&response-content-disposition=attachment%3Bfilename%2A%3DUTF-8%27%27structure.tar.gz",
      "integrity": "sha1-LucU4RfmLGIzYRj38w4mIN56M3A=",
      "requires": {
        "utils": ">=0.0.11"
      }
    },
    "textable-component": {
      "version": "1.4.3",
      "resolved": "https://ewizard-storage-multitenant-eu-1.s3.eu-central-1.amazonaws.com/components/6e1784f0-36bf-11ea-9318-1089695a0931.tar.gz?X-Amz-Algorithm=AWS4-HMAC-SHA256&X-Amz-Credential=AKIAWPGVIVM476G4TOFH%2F20210819%2Feu-central-1%2Fs3%2Faws4_request&X-Amz-Date=20210819T092524Z&X-Amz-Expires=300&X-Amz-Signature=db9a17a543763a201e90e253edb67b9ea79529a648b783b79b18266fb3701ae4&X-Amz-SignedHeaders=host&response-content-disposition=attachment%3Bfilename%2A%3DUTF-8%27%27textable-component.tar.gz",
      "integrity": "sha1-+iPOtHT4rGWYSj3iIzP8mz5lUgY=",
      "requires": {
        "component": "~0.12.9"
      }
    },
    "touch": {
      "version": "1.5.7",
      "resolved": "https://ewizard-storage-multitenant-eu-1.s3.eu-central-1.amazonaws.com/components/21580490-49ca-11eb-827c-0085cc50a360.tar.gz?X-Amz-Algorithm=AWS4-HMAC-SHA256&X-Amz-Credential=AKIAWPGVIVM476G4TOFH%2F20210819%2Feu-central-1%2Fs3%2Faws4_request&X-Amz-Date=20210819T092525Z&X-Amz-Expires=300&X-Amz-Signature=5c09fc98a81646211392c643f328ce03f18a3734d6e45e21ab40b47d2ba0babd&X-Amz-SignedHeaders=host&response-content-disposition=attachment%3Bfilename%2A%3DUTF-8%27%27touch.tar.gz",
      "integrity": "sha1-Eldm5ZL+rnKuOZXqgKUpBRM1IWE="
    },
    "utils": {
      "version": "1.6.5",
      "resolved": "https://ewizard-storage-multitenant-eu-1.s3.eu-central-1.amazonaws.com/components/5b040e38b4a3ab003778f15a.tar.gz?X-Amz-Algorithm=AWS4-HMAC-SHA256&X-Amz-Credential=AKIAWPGVIVM476G4TOFH%2F20210819%2Feu-central-1%2Fs3%2Faws4_request&X-Amz-Date=20210819T092525Z&X-Amz-Expires=300&X-Amz-Signature=69ba88fa4de69fccbc7b8fdc56712976001ea273e315701362d0db9bc3b4e278&X-Amz-SignedHeaders=host&response-content-disposition=attachment%3Bfilename%2A%3DUTF-8%27%27utils.tar.gz",
      "integrity": "sha1-AJQhr0NQNIkDTxZoQLcuprxf+bA="
    },
    "validate-nav": {
      "version": "1.4.0",
      "resolved": "https://ewizard-storage-multitenant-eu-1.s3.eu-central-1.amazonaws.com/components/5a00592af68274002d99c0ad.tar.gz?X-Amz-Algorithm=AWS4-HMAC-SHA256&X-Amz-Credential=AKIAWPGVIVM476G4TOFH%2F20210819%2Feu-central-1%2Fs3%2Faws4_request&X-Amz-Date=20210819T092525Z&X-Amz-Expires=300&X-Amz-Signature=bcbaff8d0f1d63e5d667320e731129c14c3fc4739faa8431884bfc82b8c20d1d&X-Amz-SignedHeaders=host&response-content-disposition=attachment%3Bfilename%2A%3DUTF-8%27%27validate-nav.tar.gz",
      "integrity": "sha1-kSAfoJ45/0//M9979jImXZmXnfk=",
      "requires": {
        "slideshow-popup": "~0.0.10"
      }
    }
  }
}
